
Microsoft Visual Studio Solution File, Format Version 12.00
# Visual Studio Version 17
VisualStudioVersion = 17.11.35327.3
MinimumVisualStudioVersion = 10.0.40219.1
Project("{9A19103F-16F7-4668-BE54-9A1E7A4F7556}") = "L54E2T_HSZF_2024251.Console", "L54E2T_HSZF_2024251.Console\L54E2T_HSZF_2024251.Console.csproj", "{5E361711-B3D9-491A-89D1-8CB48359BAAD}"
EndProject
Project("{9A19103F-16F7-4668-BE54-9A1E7A4F7556}") = "L54E2T_HSZF_2024251.Application", "L54E2T_HSZF_2024251.Application\L54E2T_HSZF_2024251.Application.csproj", "{36C777A1-DE71-444A-938D-ADC7E0B75868}"
EndProject
Project("{9A19103F-16F7-4668-BE54-9A1E7A4F7556}") = "L54E2T_HSZF_2024251.Model", "L54E2T_HSZF_2024251.Model\L54E2T_HSZF_2024251.Model.csproj", "{3A3EE2FC-3E68-48DD-94FB-1543A1D8F259}"
EndProject
Project("{9A19103F-16F7-4668-BE54-9A1E7A4F7556}") = "L54E2T_HSZF_2024251.Persistence.MsSql", "L54E2T_HSZF_2024251.Persistence.MsSql\L54E2T_HSZF_2024251.Persistence.MsSql.csproj", "{F3B1654C-AE74-49AA-8D1D-CF9EFD5B9575}"
EndProject
Project("{2150E333-8FDC-42A3-9474-1A3956D46DE8}") = "Application", "Application", "{0456EAEC-A2AF-4577-A7E7-D8516F6ECFF9}"
EndProject
Project("{2150E333-8FDC-42A3-9474-1A3956D46DE8}") = "Domain", "Domain", "{8142E52E-161D-4913-AF70-A9CAE014BDA9}"
EndProject
Project("{2150E333-8FDC-42A3-9474-1A3956D46DE8}") = "Infrastructure", "Infrastructure", "{21FEA70C-FA72-44E9-8E14-FE0E0BB1BEF5}"
EndProject
Project("{2150E333-8FDC-42A3-9474-1A3956D46DE8}") = "Presentation", "Presentation", "{58FA077E-1A5E-4857-9E28-1DA2EA940417}"
EndProject
Project("{2150E333-8FDC-42A3-9474-1A3956D46DE8}") = "Tests", "Tests", "{71C23691-6F6A-4CFB-B20E-5BA6483BF9F7}"
EndProject
Project("{FAE04EC0-301F-11D3-BF4B-00C04F79EFBC}") = "L54E2T_HSZF_2024251.Test", "L54E2T_HSZF_2024251.Test\L54E2T_HSZF_2024251.Test.csproj", "{639D2A17-64B3-4746-A3D2-290B2131F5C8}"
EndProject
Global
	GlobalSection(SolutionConfigurationPlatforms) = preSolution
		Debug|Any CPU = Debug|Any CPU
		Release|Any CPU = Release|Any CPU
	EndGlobalSection
	GlobalSection(ProjectConfigurationPlatforms) = postSolution
		{5E361711-B3D9-491A-89D1-8CB48359BAAD}.Debug|Any CPU.ActiveCfg = Debug|Any CPU
		{5E361711-B3D9-491A-89D1-8CB48359BAAD}.Debug|Any CPU.Build.0 = Debug|Any CPU
		{5E361711-B3D9-491A-89D1-8CB48359BAAD}.Release|Any CPU.ActiveCfg = Release|Any CPU
		{5E361711-B3D9-491A-89D1-8CB48359BAAD}.Release|Any CPU.Build.0 = Release|Any CPU
		{36C777A1-DE71-444A-938D-ADC7E0B75868}.Debug|Any CPU.ActiveCfg = Debug|Any CPU
		{36C777A1-DE71-444A-938D-ADC7E0B75868}.Debug|Any CPU.Build.0 = Debug|Any CPU
		{36C777A1-DE71-444A-938D-ADC7E0B75868}.Release|Any CPU.ActiveCfg = Release|Any CPU
		{36C777A1-DE71-444A-938D-ADC7E0B75868}.Release|Any CPU.Build.0 = Release|Any CPU
		{3A3EE2FC-3E68-48DD-94FB-1543A1D8F259}.Debug|Any CPU.ActiveCfg = Debug|Any CPU
		{3A3EE2FC-3E68-48DD-94FB-1543A1D8F259}.Debug|Any CPU.Build.0 = Debug|Any CPU
		{3A3EE2FC-3E68-48DD-94FB-1543A1D8F259}.Release|Any CPU.ActiveCfg = Release|Any CPU
		{3A3EE2FC-3E68-48DD-94FB-1543A1D8F259}.Release|Any CPU.Build.0 = Release|Any CPU
		{F3B1654C-AE74-49AA-8D1D-CF9EFD5B9575}.Debug|Any CPU.ActiveCfg = Debug|Any CPU
		{F3B1654C-AE74-49AA-8D1D-CF9EFD5B9575}.Debug|Any CPU.Build.0 = Debug|Any CPU
		{F3B1654C-AE74-49AA-8D1D-CF9EFD5B9575}.Release|Any CPU.ActiveCfg = Release|Any CPU
		{F3B1654C-AE74-49AA-8D1D-CF9EFD5B9575}.Release|Any CPU.Build.0 = Release|Any CPU
		{639D2A17-64B3-4746-A3D2-290B2131F5C8}.Debug|Any CPU.ActiveCfg = Debug|Any CPU
		{639D2A17-64B3-4746-A3D2-290B2131F5C8}.Debug|Any CPU.Build.0 = Debug|Any CPU
		{639D2A17-64B3-4746-A3D2-290B2131F5C8}.Release|Any CPU.ActiveCfg = Release|Any CPU
		{639D2A17-64B3-4746-A3D2-290B2131F5C8}.Release|Any CPU.Build.0 = Release|Any CPU
	EndGlobalSection
	GlobalSection(SolutionProperties) = preSolution
		HideSolutionNode = FALSE
	EndGlobalSection
	GlobalSection(NestedProjects) = preSolution
		{5E361711-B3D9-491A-89D1-8CB48359BAAD} = {58FA077E-1A5E-4857-9E28-1DA2EA940417}
		{36C777A1-DE71-444A-938D-ADC7E0B75868} = {0456EAEC-A2AF-4577-A7E7-D8516F6ECFF9}
		{3A3EE2FC-3E68-48DD-94FB-1543A1D8F259} = {8142E52E-161D-4913-AF70-A9CAE014BDA9}
		{F3B1654C-AE74-49AA-8D1D-CF9EFD5B9575} = {21FEA70C-FA72-44E9-8E14-FE0E0BB1BEF5}
		{639D2A17-64B3-4746-A3D2-290B2131F5C8} = {71C23691-6F6A-4CFB-B20E-5BA6483BF9F7}
	EndGlobalSection
	GlobalSection(ExtensibilityGlobals) = postSolution
		SolutionGuid = {817F0579-E3FA-4998-80D6-00A308A911A1}
	EndGlobalSection
EndGlobal
